{
  "pins" : [
    {
      "identity" : "markdownosaur",
      "kind" : "remoteSourceControl",
      "location" : "https://github.com/christianselig/Markdownosaur.git",
      "state" : {
        "branch" : "main",
        "revision" : "25c32718674f47dded5d3be5d8d9a40e5ce8058c"
      }
    },
    {
      "identity" : "swift-cmark",
      "kind" : "remoteSourceControl",
      "location" : "https://github.com/apple/swift-cmark.git",
      "state" : {
        "branch" : "gfm",
        "revision" : "3bc2f3e25df0cecc5dc269f7ccae65d0f386f06a"
      }
    },
    {
      "identity" : "swift-markdown",
      "kind" : "remoteSourceControl",
      "location" : "https://github.com/apple/swift-markdown.git",
      "state" : {
        "branch" : "main",
        "revision" : "4312077f61bec25f034bdefed0b2fd72f51034ee"
      }
    }
  ],
  "version" : 2
}
